
Microsoft Visual Studio Solution File, Format Version 12.00
# Visual Studio Version 17
VisualStudioVersion = 17.3.32929.385
MinimumVisualStudioVersion = 10.0.40219.1
Project("{8BC9CEB8-8B4A-11D0-8D11-00A0C91BC942}") = "深拷贝与潜拷贝", "深拷贝与潜拷贝\深拷贝与潜拷贝.vcxproj", "{D9AF11D1-70A4-4AAB-8BEF-0EB68DB0CB03}"
EndProject
Global
	GlobalSection(SolutionConfigurationPlatforms) = preSolution
		Debug|x64 = Debug|x64
		Debug|x86 = Debug|x86
		Release|x64 = Release|x64
		Release|x86 = Release|x86
	EndGlobalSection
	GlobalSection(ProjectConfigurationPlatforms) = postSolution
		{D9AF11D1-70A4-4AAB-8BEF-0EB68DB0CB03}.Debug|x64.ActiveCfg = Debug|x64
		{D9AF11D1-70A4-4AAB-8BEF-0EB68DB0CB03}.Debug|x64.Build.0 = Debug|x64
		{D9AF11D1-70A4-4AAB-8BEF-0EB68DB0CB03}.Debug|x86.ActiveCfg = Debug|Win32
		{D9AF11D1-70A4-4AAB-8BEF-0EB68DB0CB03}.Debug|x86.Build.0 = Debug|Win32
		{D9AF11D1-70A4-4AAB-8BEF-0EB68DB0CB03}.Release|x64.ActiveCfg = Release|x64
		{D9AF11D1-70A4-4AAB-8BEF-0EB68DB0CB03}.Release|x64.Build.0 = Release|x64
		{D9AF11D1-70A4-4AAB-8BEF-0EB68DB0CB03}.Release|x86.ActiveCfg = Release|Win32
		{D9AF11D1-70A4-4AAB-8BEF-0EB68DB0CB03}.Release|x86.Build.0 = Release|Win32
	EndGlobalSection
	GlobalSection(SolutionProperties) = preSolution
		HideSolutionNode = FALSE
	EndGlobalSection
	GlobalSection(ExtensibilityGlobals) = postSolution
		SolutionGuid = {77FE7AD4-D1CA-472D-85B7-23E3DF552BC0}
	EndGlobalSection
EndGlobal
